
Microsoft Visual Studio Solution File, Format Version 12.00
# Visual Studio Version 16
VisualStudioVersion = 16.0.29728.190
MinimumVisualStudioVersion = 10.0.40219.1
Project("{FAE04EC0-301F-11D3-BF4B-00C04F79EFBC}") = "APBook", "APBook.csproj", "{44FDAF69-ED71-437D-9B46-C90183FE850B}"
EndProject
Global
	GlobalSection(SolutionConfigurationPlatforms) = preSolution
		Debug|Any CPU = Debug|Any CPU
		Release|Any CPU = Release|Any CPU
	EndGlobalSection
	GlobalSection(ProjectConfigurationPlatforms) = postSolution
		{44FDAF69-ED71-437D-9B46-C90183FE850B}.Debug|Any CPU.ActiveCfg = Debug|Any CPU
		{44FDAF69-ED71-437D-9B46-C90183FE850B}.Debug|Any CPU.Build.0 = Debug|Any CPU
		{44FDAF69-ED71-437D-9B46-C90183FE850B}.Release|Any CPU.ActiveCfg = Release|Any CPU
		{44FDAF69-ED71-437D-9B46-C90183FE850B}.Release|Any CPU.Build.0 = Release|Any CPU
	EndGlobalSection
	GlobalSection(SolutionProperties) = preSolution
		HideSolutionNode = FALSE
	EndGlobalSection
	GlobalSection(ExtensibilityGlobals) = postSolution
		SolutionGuid = {212ADD54-4720-495B-B6F0-40ACE8632DFE}
	EndGlobalSection
EndGlobal
